// !$*UTF8*$!
{
	archiveVersion = 1;
	classes = {};
	objectVersion = 56;
	objects = {

/* Begin PBXBuildFile section */
		52B5DADD7B2E4965AC4ED2B6 /* DartPredictorApp.swift in Sources */ = {isa = PBXBuildFile; fileRef = 68365610F69A4511B0B3AD8D /* DartPredictorApp.swift */; };
		4E47C89AE2C447158476C944 /* AIActionAnalyzer.swift in Sources */ = {isa = PBXBuildFile; fileRef = D145A713C5BC4295ACED5BB3 /* AIActionAnalyzer.swift */; };
		B36FBDC4CE9F44E78CE5B351 /* NeuralActionClassifier.swift in Sources */ = {isa = PBXBuildFile; fileRef = 61A4B8D20774417D94773619 /* NeuralActionClassifier.swift */; };
		81556CC3F8BB414894EE8710 /* ScreenSceneAnalyzer.swift in Sources */ = {isa = PBXBuildFile; fileRef = 8446149A2690441CA0624A49 /* ScreenSceneAnalyzer.swift */; };
		483B7930392A4443849F9284 /* AccuracyManager.swift in Sources */ = {isa = PBXBuildFile; fileRef = 883035428C7D406BA35897B1 /* AccuracyManager.swift */; };
		3DF38F7039054909855823B2 /* CaptureGeometry.swift in Sources */ = {isa = PBXBuildFile; fileRef = FFD711928CD6465196E624CA /* CaptureGeometry.swift */; };
		45A08AA220184BBB8887B7A9 /* ScreenCaptureManager.swift in Sources */ = {isa = PBXBuildFile; fileRef = F50E3F575E62416FBFDCD67F /* ScreenCaptureManager.swift */; };
		31025372F8C2427EBC1D219F /* ThrowDetector.swift in Sources */ = {isa = PBXBuildFile; fileRef = 026C352F94D1424BB383F93C /* ThrowDetector.swift */; };
		E0A3B74EAD0A458FB4FB0E8F /* ThrowSequenceTracker.swift in Sources */ = {isa = PBXBuildFile; fileRef = 7E22580C7EEF4FE48B7CF815 /* ThrowSequenceTracker.swift */; };
		6B97345B98B74383AEA3D21F /* CombinationPredictor.swift in Sources */ = {isa = PBXBuildFile; fileRef = 879018E91BCC4778BA323982 /* CombinationPredictor.swift */; };
		ED4010D4F1524B4DA76B75D3 /* EnsemblePredictor.swift in Sources */ = {isa = PBXBuildFile; fileRef = CA6E469B17AB42CE88B9A855 /* EnsemblePredictor.swift */; };
		66B2C49AD02A45269CD727D1 /* LearningEngine.swift in Sources */ = {isa = PBXBuildFile; fileRef = B65C458B35A444DBA08F8B37 /* LearningEngine.swift */; };
		E72362AAE528481C81F6409D /* PlayerProfileManager.swift in Sources */ = {isa = PBXBuildFile; fileRef = DF031CE8C0A34A4EA3DCDB05 /* PlayerProfileManager.swift */; };
		80550AC0732B47C397CB0CD9 /* DebugLogger.swift in Sources */ = {isa = PBXBuildFile; fileRef = EDB087299A5C46BD8119E7B2 /* DebugLogger.swift */; };
		F747A9D6C08943DF9D0ED585 /* AIActionModel.swift in Sources */ = {isa = PBXBuildFile; fileRef = DF40DCF82AA84762B90A74B3 /* AIActionModel.swift */; };
		C912881E5F994D2B95D598DF /* DartConstants.swift in Sources */ = {isa = PBXBuildFile; fileRef = F513484A8A5E495DB3B939D8 /* DartConstants.swift */; };
		2E609657AFD047F1AE45630E /* FrequencyModel.swift in Sources */ = {isa = PBXBuildFile; fileRef = F4C7B4BE416C455AA5AFD7B7 /* FrequencyModel.swift */; };
		AC544F2A5031465EAE0FBA9D /* PlayerBehaviorModel.swift in Sources */ = {isa = PBXBuildFile; fileRef = E73EC5A8C783498A8B6760AE /* PlayerBehaviorModel.swift */; };
		8920F1A15FAF4FD3BC993767 /* SceneModels.swift in Sources */ = {isa = PBXBuildFile; fileRef = 1924033ADDF24F0890C44793 /* SceneModels.swift */; };
		0FEB0910E66B4070A190EA16 /* SequenceModel.swift in Sources */ = {isa = PBXBuildFile; fileRef = 967B3D45693D460BB0DA2467 /* SequenceModel.swift */; };
		85C89FE555F74C949071AF7F /* TimingModel.swift in Sources */ = {isa = PBXBuildFile; fileRef = 88E0C7A5B3BA43938B666B72 /* TimingModel.swift */; };
		E3972663B7B54412AEA7AEF2 /* TransitionModel.swift in Sources */ = {isa = PBXBuildFile; fileRef = 2D29C04303B341559C35DB48 /* TransitionModel.swift */; };
		6292E458D8934E84A70929CD /* OCRManager.swift in Sources */ = {isa = PBXBuildFile; fileRef = 9BA657C0C504427E96E0392E /* OCRManager.swift */; };
		B785BAAEBC074EDDBB3CB7CD /* PipelineCoordinator.swift in Sources */ = {isa = PBXBuildFile; fileRef = A636A379124A4D96BAC7AC1A /* PipelineCoordinator.swift */; };
		4FCEC1B41D534683AD4DF0FB /* HistoryManager.swift in Sources */ = {isa = PBXBuildFile; fileRef = F270622436DA43BA8F91DD71 /* HistoryManager.swift */; };
		660B949E0E7140DAB50EA0F2 /* PredictionStore.swift in Sources */ = {isa = PBXBuildFile; fileRef = 4E22D5FD85F6424BBDFD3331 /* PredictionStore.swift */; };
		B1B8E260863A4C9694123287 /* SettingsManager.swift in Sources */ = {isa = PBXBuildFile; fileRef = 0CFC22CC5DDF47B59F56C2F2 /* SettingsManager.swift */; };
		74C44AE00DD74B90BFEE58A5 /* PlayerVisionAnalyzer.swift in Sources */ = {isa = PBXBuildFile; fileRef = F752CD262AD745ABBCF05919 /* PlayerVisionAnalyzer.swift */; };
		DDF5C647649C441AADCF4C69 /* HistoryTabView.swift in Sources */ = {isa = PBXBuildFile; fileRef = 710AE88EFE7B4105854FA3A0 /* HistoryTabView.swift */; };
		CDDB01AE5B3C452EAE919561 /* LearningTabView.swift in Sources */ = {isa = PBXBuildFile; fileRef = 207AC3A97B4D41A7B7B23A14 /* LearningTabView.swift */; };
		926EABF7999746E7979EBACB /* ContentView.swift in Sources */ = {isa = PBXBuildFile; fileRef = 4908FA7978C34161B56B1E2D /* ContentView.swift */; };
		852DD72C0AB24D1DA5A31A86 /* MainDashboardView.swift in Sources */ = {isa = PBXBuildFile; fileRef = 27D6BCF3D15748FB9E0A3833 /* MainDashboardView.swift */; };
		C0FAC0A35FFA47CFB88FD56D /* PredictionDisplayView.swift in Sources */ = {isa = PBXBuildFile; fileRef = 2F64F4D2A39C4673982B9185 /* PredictionDisplayView.swift */; };
		8FC59C084C0044178BCAD42C /* OnboardingView.swift in Sources */ = {isa = PBXBuildFile; fileRef = CB7B04219ECF447BAAA37B3E /* OnboardingView.swift */; };
		FA42C5EB9EDE40849641F53A /* PredictionOverlay.swift in Sources */ = {isa = PBXBuildFile; fileRef = C84D91183B944853AC7B81FF /* PredictionOverlay.swift */; };
		1A9CA7200531421FB0983F56 /* RegionSelector.swift in Sources */ = {isa = PBXBuildFile; fileRef = 3663B5FA545543D493FD5CFD /* RegionSelector.swift */; };
		DB06F48809814EFDB0928313 /* PredictionModelsTests.swift in Sources */ = {isa = PBXBuildFile; fileRef = D8B02453A40540D39305573C /* PredictionModelsTests.swift */; };
		C52F6698B3E841A7B69DAF31 /* Assets.xcassets in Resources */ = {isa = PBXBuildFile; fileRef = ABD2D31652E140A8B3B07B87 /* Assets.xcassets */; };
/* End PBXBuildFile section */

/* Begin PBXFileReference section */
		A10000000000000000000004 /* DartPredictor.app */ = {isa = PBXFileReference; explicitFileType = wrapper.application; includeInIndex = 0; path = DartPredictor.app; sourceTree = BUILT_PRODUCTS_DIR; };
		A10000000000000000000005 /* DartPredictorTests.xctest */ = {isa = PBXFileReference; explicitFileType = wrapper.cfbundle; includeInIndex = 0; path = DartPredictorTests.xctest; sourceTree = BUILT_PRODUCTS_DIR; };
		68365610F69A4511B0B3AD8D /* DartPredictorApp.swift */ = {isa = PBXFileReference; lastKnownFileType = sourcecode.swift; name = DartPredictorApp.swift; path = DartPredictor/App/DartPredictorApp.swift; sourceTree = SOURCE_ROOT; };
		D145A713C5BC4295ACED5BB3 /* AIActionAnalyzer.swift */ = {isa = PBXFileReference; lastKnownFileType = sourcecode.swift; name = AIActionAnalyzer.swift; path = DartPredictor/Core/AI/AIActionAnalyzer.swift; sourceTree = SOURCE_ROOT; };
		61A4B8D20774417D94773619 /* NeuralActionClassifier.swift */ = {isa = PBXFileReference; lastKnownFileType = sourcecode.swift; name = NeuralActionClassifier.swift; path = DartPredictor/Core/AI/NeuralActionClassifier.swift; sourceTree = SOURCE_ROOT; };
		8446149A2690441CA0624A49 /* ScreenSceneAnalyzer.swift */ = {isa = PBXFileReference; lastKnownFileType = sourcecode.swift; name = ScreenSceneAnalyzer.swift; path = DartPredictor/Core/AI/ScreenSceneAnalyzer.swift; sourceTree = SOURCE_ROOT; };
		883035428C7D406BA35897B1 /* AccuracyManager.swift */ = {isa = PBXFileReference; lastKnownFileType = sourcecode.swift; name = AccuracyManager.swift; path = DartPredictor/Core/Accuracy/AccuracyManager.swift; sourceTree = SOURCE_ROOT; };
		FFD711928CD6465196E624CA /* CaptureGeometry.swift */ = {isa = PBXFileReference; lastKnownFileType = sourcecode.swift; name = CaptureGeometry.swift; path = DartPredictor/Core/Capture/CaptureGeometry.swift; sourceTree = SOURCE_ROOT; };
		F50E3F575E62416FBFDCD67F /* ScreenCaptureManager.swift */ = {isa = PBXFileReference; lastKnownFileType = sourcecode.swift; name = ScreenCaptureManager.swift; path = DartPredictor/Core/Capture/ScreenCaptureManager.swift; sourceTree = SOURCE_ROOT; };
		026C352F94D1424BB383F93C /* ThrowDetector.swift */ = {isa = PBXFileReference; lastKnownFileType = sourcecode.swift; name = ThrowDetector.swift; path = DartPredictor/Core/Detection/ThrowDetector.swift; sourceTree = SOURCE_ROOT; };
		7E22580C7EEF4FE48B7CF815 /* ThrowSequenceTracker.swift */ = {isa = PBXFileReference; lastKnownFileType = sourcecode.swift; name = ThrowSequenceTracker.swift; path = DartPredictor/Core/Detection/ThrowSequenceTracker.swift; sourceTree = SOURCE_ROOT; };
		879018E91BCC4778BA323982 /* CombinationPredictor.swift */ = {isa = PBXFileReference; lastKnownFileType = sourcecode.swift; name = CombinationPredictor.swift; path = DartPredictor/Core/Learning/CombinationPredictor.swift; sourceTree = SOURCE_ROOT; };
		CA6E469B17AB42CE88B9A855 /* EnsemblePredictor.swift */ = {isa = PBXFileReference; lastKnownFileType = sourcecode.swift; name = EnsemblePredictor.swift; path = DartPredictor/Core/Learning/EnsemblePredictor.swift; sourceTree = SOURCE_ROOT; };
		B65C458B35A444DBA08F8B37 /* LearningEngine.swift */ = {isa = PBXFileReference; lastKnownFileType = sourcecode.swift; name = LearningEngine.swift; path = DartPredictor/Core/Learning/LearningEngine.swift; sourceTree = SOURCE_ROOT; };
		DF031CE8C0A34A4EA3DCDB05 /* PlayerProfileManager.swift */ = {isa = PBXFileReference; lastKnownFileType = sourcecode.swift; name = PlayerProfileManager.swift; path = DartPredictor/Core/Learning/PlayerProfileManager.swift; sourceTree = SOURCE_ROOT; };
		EDB087299A5C46BD8119E7B2 /* DebugLogger.swift */ = {isa = PBXFileReference; lastKnownFileType = sourcecode.swift; name = DebugLogger.swift; path = DartPredictor/Core/Logging/DebugLogger.swift; sourceTree = SOURCE_ROOT; };
		DF40DCF82AA84762B90A74B3 /* AIActionModel.swift */ = {isa = PBXFileReference; lastKnownFileType = sourcecode.swift; name = AIActionModel.swift; path = DartPredictor/Core/Models/AIActionModel.swift; sourceTree = SOURCE_ROOT; };
		F513484A8A5E495DB3B939D8 /* DartConstants.swift */ = {isa = PBXFileReference; lastKnownFileType = sourcecode.swift; name = DartConstants.swift; path = DartPredictor/Core/Models/DartConstants.swift; sourceTree = SOURCE_ROOT; };
		F4C7B4BE416C455AA5AFD7B7 /* FrequencyModel.swift */ = {isa = PBXFileReference; lastKnownFileType = sourcecode.swift; name = FrequencyModel.swift; path = DartPredictor/Core/Models/FrequencyModel.swift; sourceTree = SOURCE_ROOT; };
		E73EC5A8C783498A8B6760AE /* PlayerBehaviorModel.swift */ = {isa = PBXFileReference; lastKnownFileType = sourcecode.swift; name = PlayerBehaviorModel.swift; path = DartPredictor/Core/Models/PlayerBehaviorModel.swift; sourceTree = SOURCE_ROOT; };
		1924033ADDF24F0890C44793 /* SceneModels.swift */ = {isa = PBXFileReference; lastKnownFileType = sourcecode.swift; name = SceneModels.swift; path = DartPredictor/Core/Models/SceneModels.swift; sourceTree = SOURCE_ROOT; };
		967B3D45693D460BB0DA2467 /* SequenceModel.swift */ = {isa = PBXFileReference; lastKnownFileType = sourcecode.swift; name = SequenceModel.swift; path = DartPredictor/Core/Models/SequenceModel.swift; sourceTree = SOURCE_ROOT; };
		88E0C7A5B3BA43938B666B72 /* TimingModel.swift */ = {isa = PBXFileReference; lastKnownFileType = sourcecode.swift; name = TimingModel.swift; path = DartPredictor/Core/Models/TimingModel.swift; sourceTree = SOURCE_ROOT; };
		2D29C04303B341559C35DB48 /* TransitionModel.swift */ = {isa = PBXFileReference; lastKnownFileType = sourcecode.swift; name = TransitionModel.swift; path = DartPredictor/Core/Models/TransitionModel.swift; sourceTree = SOURCE_ROOT; };
		9BA657C0C504427E96E0392E /* OCRManager.swift */ = {isa = PBXFileReference; lastKnownFileType = sourcecode.swift; name = OCRManager.swift; path = DartPredictor/Core/OCR/OCRManager.swift; sourceTree = SOURCE_ROOT; };
		A636A379124A4D96BAC7AC1A /* PipelineCoordinator.swift */ = {isa = PBXFileReference; lastKnownFileType = sourcecode.swift; name = PipelineCoordinator.swift; path = DartPredictor/Core/Pipeline/PipelineCoordinator.swift; sourceTree = SOURCE_ROOT; };
		F270622436DA43BA8F91DD71 /* HistoryManager.swift */ = {isa = PBXFileReference; lastKnownFileType = sourcecode.swift; name = HistoryManager.swift; path = DartPredictor/Core/Storage/HistoryManager.swift; sourceTree = SOURCE_ROOT; };
		4E22D5FD85F6424BBDFD3331 /* PredictionStore.swift */ = {isa = PBXFileReference; lastKnownFileType = sourcecode.swift; name = PredictionStore.swift; path = DartPredictor/Core/Storage/PredictionStore.swift; sourceTree = SOURCE_ROOT; };
		0CFC22CC5DDF47B59F56C2F2 /* SettingsManager.swift */ = {isa = PBXFileReference; lastKnownFileType = sourcecode.swift; name = SettingsManager.swift; path = DartPredictor/Core/Storage/SettingsManager.swift; sourceTree = SOURCE_ROOT; };
		F752CD262AD745ABBCF05919 /* PlayerVisionAnalyzer.swift */ = {isa = PBXFileReference; lastKnownFileType = sourcecode.swift; name = PlayerVisionAnalyzer.swift; path = DartPredictor/Core/Vision/PlayerVisionAnalyzer.swift; sourceTree = SOURCE_ROOT; };
		710AE88EFE7B4105854FA3A0 /* HistoryTabView.swift */ = {isa = PBXFileReference; lastKnownFileType = sourcecode.swift; name = HistoryTabView.swift; path = DartPredictor/UI/History/HistoryTabView.swift; sourceTree = SOURCE_ROOT; };
		207AC3A97B4D41A7B7B23A14 /* LearningTabView.swift */ = {isa = PBXFileReference; lastKnownFileType = sourcecode.swift; name = LearningTabView.swift; path = DartPredictor/UI/Learning/LearningTabView.swift; sourceTree = SOURCE_ROOT; };
		4908FA7978C34161B56B1E2D /* ContentView.swift */ = {isa = PBXFileReference; lastKnownFileType = sourcecode.swift; name = ContentView.swift; path = DartPredictor/UI/Main/ContentView.swift; sourceTree = SOURCE_ROOT; };
		27D6BCF3D15748FB9E0A3833 /* MainDashboardView.swift */ = {isa = PBXFileReference; lastKnownFileType = sourcecode.swift; name = MainDashboardView.swift; path = DartPredictor/UI/Main/MainDashboardView.swift; sourceTree = SOURCE_ROOT; };
		2F64F4D2A39C4673982B9185 /* PredictionDisplayView.swift */ = {isa = PBXFileReference; lastKnownFileType = sourcecode.swift; name = PredictionDisplayView.swift; path = DartPredictor/UI/Main/PredictionDisplayView.swift; sourceTree = SOURCE_ROOT; };
		CB7B04219ECF447BAAA37B3E /* OnboardingView.swift */ = {isa = PBXFileReference; lastKnownFileType = sourcecode.swift; name = OnboardingView.swift; path = DartPredictor/UI/Onboarding/OnboardingView.swift; sourceTree = SOURCE_ROOT; };
		C84D91183B944853AC7B81FF /* PredictionOverlay.swift */ = {isa = PBXFileReference; lastKnownFileType = sourcecode.swift; name = PredictionOverlay.swift; path = DartPredictor/UI/Overlay/PredictionOverlay.swift; sourceTree = SOURCE_ROOT; };
		3663B5FA545543D493FD5CFD /* RegionSelector.swift */ = {isa = PBXFileReference; lastKnownFileType = sourcecode.swift; name = RegionSelector.swift; path = DartPredictor/UI/RegionSelector/RegionSelector.swift; sourceTree = SOURCE_ROOT; };
		D8B02453A40540D39305573C /* PredictionModelsTests.swift */ = {isa = PBXFileReference; lastKnownFileType = sourcecode.swift; name = PredictionModelsTests.swift; path = DartPredictorTests/PredictionModelsTests.swift; sourceTree = SOURCE_ROOT; };
		ABD2D31652E140A8B3B07B87 /* Assets.xcassets */ = {isa = PBXFileReference; lastKnownFileType = folder.assetcatalog; path = DartPredictor/Resources/Assets.xcassets; sourceTree = SOURCE_ROOT; };
		3BB00A6956364479980E7CFF /* DartPredictor.entitlements */ = {isa = PBXFileReference; lastKnownFileType = text.plist.entitlements; path = DartPredictor/DartPredictor.entitlements; sourceTree = SOURCE_ROOT; };
		243D2B2B66364FD1BC4C5D98 /* Info.plist */ = {isa = PBXFileReference; lastKnownFileType = text.plist.xml; path = DartPredictor/Info.plist; sourceTree = SOURCE_ROOT; };
/* End PBXFileReference section */

/* Begin PBXFrameworksBuildPhase section */
		A10000000000000000000011 /* Frameworks */ = {isa = PBXFrameworksBuildPhase; buildActionMask = 2147483647; files = (); runOnlyForDeploymentPostprocessing = 0; };
		A10000000000000000000012 /* Frameworks */ = {isa = PBXFrameworksBuildPhase; buildActionMask = 2147483647; files = (); runOnlyForDeploymentPostprocessing = 0; };
/* End PBXFrameworksBuildPhase section */

/* Begin PBXGroup section */
		A10000000000000000000006 = {isa = PBXGroup; children = (
			68365610F69A4511B0B3AD8D /* DartPredictorApp.swift */,
			D145A713C5BC4295ACED5BB3 /* AIActionAnalyzer.swift */,
			61A4B8D20774417D94773619 /* NeuralActionClassifier.swift */,
			8446149A2690441CA0624A49 /* ScreenSceneAnalyzer.swift */,
			883035428C7D406BA35897B1 /* AccuracyManager.swift */,
			FFD711928CD6465196E624CA /* CaptureGeometry.swift */,
			F50E3F575E62416FBFDCD67F /* ScreenCaptureManager.swift */,
			026C352F94D1424BB383F93C /* ThrowDetector.swift */,
			7E22580C7EEF4FE48B7CF815 /* ThrowSequenceTracker.swift */,
			879018E91BCC4778BA323982 /* CombinationPredictor.swift */,
			CA6E469B17AB42CE88B9A855 /* EnsemblePredictor.swift */,
			B65C458B35A444DBA08F8B37 /* LearningEngine.swift */,
			DF031CE8C0A34A4EA3DCDB05 /* PlayerProfileManager.swift */,
			EDB087299A5C46BD8119E7B2 /* DebugLogger.swift */,
			DF40DCF82AA84762B90A74B3 /* AIActionModel.swift */,
			F513484A8A5E495DB3B939D8 /* DartConstants.swift */,
			F4C7B4BE416C455AA5AFD7B7 /* FrequencyModel.swift */,
			E73EC5A8C783498A8B6760AE /* PlayerBehaviorModel.swift */,
			1924033ADDF24F0890C44793 /* SceneModels.swift */,
			967B3D45693D460BB0DA2467 /* SequenceModel.swift */,
			88E0C7A5B3BA43938B666B72 /* TimingModel.swift */,
			2D29C04303B341559C35DB48 /* TransitionModel.swift */,
			9BA657C0C504427E96E0392E /* OCRManager.swift */,
			A636A379124A4D96BAC7AC1A /* PipelineCoordinator.swift */,
			F270622436DA43BA8F91DD71 /* HistoryManager.swift */,
			4E22D5FD85F6424BBDFD3331 /* PredictionStore.swift */,
			0CFC22CC5DDF47B59F56C2F2 /* SettingsManager.swift */,
			F752CD262AD745ABBCF05919 /* PlayerVisionAnalyzer.swift */,
			710AE88EFE7B4105854FA3A0 /* HistoryTabView.swift */,
			207AC3A97B4D41A7B7B23A14 /* LearningTabView.swift */,
			4908FA7978C34161B56B1E2D /* ContentView.swift */,
			27D6BCF3D15748FB9E0A3833 /* MainDashboardView.swift */,
			2F64F4D2A39C4673982B9185 /* PredictionDisplayView.swift */,
			CB7B04219ECF447BAAA37B3E /* OnboardingView.swift */,
			C84D91183B944853AC7B81FF /* PredictionOverlay.swift */,
			3663B5FA545543D493FD5CFD /* RegionSelector.swift */,
			ABD2D31652E140A8B3B07B87 /* Assets.xcassets */,
			3BB00A6956364479980E7CFF /* DartPredictor.entitlements */,
			243D2B2B66364FD1BC4C5D98 /* Info.plist */,
		); name = DartPredictor; sourceTree = "<group>"; };
		A10000000000000000000007 = {isa = PBXGroup; children = (
			D8B02453A40540D39305573C /* PredictionModelsTests.swift */,
		); path = DartPredictorTests; sourceTree = "<group>"; };
		A10000000000000000000014 = {isa = PBXGroup; children = (
			A10000000000000000000004 /* DartPredictor.app */,
			A10000000000000000000005 /* DartPredictorTests.xctest */,
		); name = Products; sourceTree = "<group>"; };
		A10000000000000000000013 = {isa = PBXGroup; children = (
			A10000000000000000000006,
			A10000000000000000000007,
			A10000000000000000000014,
		); sourceTree = "<group>"; };
/* End PBXGroup section */

/* Begin PBXNativeTarget section */
		A10000000000000000000002 /* DartPredictor */ = {
			isa = PBXNativeTarget;
			buildConfigurationList = A10000000000000000000016;
			buildPhases = (A10000000000000000000008 /* Sources */, A10000000000000000000011 /* Frameworks */, A10000000000000000000010 /* Resources */);
			buildRules = (); dependencies = ();
			name = DartPredictor; productName = DartPredictor;
			productReference = A10000000000000000000004; productType = "com.apple.product-type.application";
		};
		A10000000000000000000003 /* DartPredictorTests */ = {
			isa = PBXNativeTarget;
			buildConfigurationList = A10000000000000000000017;
			buildPhases = (A10000000000000000000009 /* Sources */, A10000000000000000000012 /* Frameworks */);
			buildRules = (); dependencies = ();
			name = DartPredictorTests; productName = DartPredictorTests;
			productReference = A10000000000000000000005; productType = "com.apple.product-type.bundle.unit-test";
		};
/* End PBXNativeTarget section */

/* Begin PBXProject section */
		A10000000000000000000001 /* Project object */ = {
			isa = PBXProject;
			buildConfigurationList = A10000000000000000000015;
			compatibilityVersion = "Xcode 14.0"; developmentRegion = ru;
			hasScannedForEncodings = 0; knownRegions = (ru, Base);
			mainGroup = A10000000000000000000013; productRefGroup = A10000000000000000000014;
			projectDirPath = ""; projectRoot = "";
			targets = (A10000000000000000000002, A10000000000000000000003);
		};
/* End PBXProject section */

/* Begin PBXResourcesBuildPhase section */
		A10000000000000000000010 /* Resources */ = {isa = PBXResourcesBuildPhase; buildActionMask = 2147483647; files = (C52F6698B3E841A7B69DAF31); runOnlyForDeploymentPostprocessing = 0; };
/* End PBXResourcesBuildPhase section */

/* Begin PBXSourcesBuildPhase section */
		A10000000000000000000008 /* Sources */ = {isa = PBXSourcesBuildPhase; buildActionMask = 2147483647; files = (
			52B5DADD7B2E4965AC4ED2B6 /* DartPredictorApp.swift in Sources */,
			4E47C89AE2C447158476C944 /* AIActionAnalyzer.swift in Sources */,
			B36FBDC4CE9F44E78CE5B351 /* NeuralActionClassifier.swift in Sources */,
			81556CC3F8BB414894EE8710 /* ScreenSceneAnalyzer.swift in Sources */,
			483B7930392A4443849F9284 /* AccuracyManager.swift in Sources */,
			3DF38F7039054909855823B2 /* CaptureGeometry.swift in Sources */,
			45A08AA220184BBB8887B7A9 /* ScreenCaptureManager.swift in Sources */,
			31025372F8C2427EBC1D219F /* ThrowDetector.swift in Sources */,
			E0A3B74EAD0A458FB4FB0E8F /* ThrowSequenceTracker.swift in Sources */,
			6B97345B98B74383AEA3D21F /* CombinationPredictor.swift in Sources */,
			ED4010D4F1524B4DA76B75D3 /* EnsemblePredictor.swift in Sources */,
			66B2C49AD02A45269CD727D1 /* LearningEngine.swift in Sources */,
			E72362AAE528481C81F6409D /* PlayerProfileManager.swift in Sources */,
			80550AC0732B47C397CB0CD9 /* DebugLogger.swift in Sources */,
			F747A9D6C08943DF9D0ED585 /* AIActionModel.swift in Sources */,
			C912881E5F994D2B95D598DF /* DartConstants.swift in Sources */,
			2E609657AFD047F1AE45630E /* FrequencyModel.swift in Sources */,
			AC544F2A5031465EAE0FBA9D /* PlayerBehaviorModel.swift in Sources */,
			8920F1A15FAF4FD3BC993767 /* SceneModels.swift in Sources */,
			0FEB0910E66B4070A190EA16 /* SequenceModel.swift in Sources */,
			85C89FE555F74C949071AF7F /* TimingModel.swift in Sources */,
			E3972663B7B54412AEA7AEF2 /* TransitionModel.swift in Sources */,
			6292E458D8934E84A70929CD /* OCRManager.swift in Sources */,
			B785BAAEBC074EDDBB3CB7CD /* PipelineCoordinator.swift in Sources */,
			4FCEC1B41D534683AD4DF0FB /* HistoryManager.swift in Sources */,
			660B949E0E7140DAB50EA0F2 /* PredictionStore.swift in Sources */,
			B1B8E260863A4C9694123287 /* SettingsManager.swift in Sources */,
			74C44AE00DD74B90BFEE58A5 /* PlayerVisionAnalyzer.swift in Sources */,
			DDF5C647649C441AADCF4C69 /* HistoryTabView.swift in Sources */,
			CDDB01AE5B3C452EAE919561 /* LearningTabView.swift in Sources */,
			926EABF7999746E7979EBACB /* ContentView.swift in Sources */,
			852DD72C0AB24D1DA5A31A86 /* MainDashboardView.swift in Sources */,
			C0FAC0A35FFA47CFB88FD56D /* PredictionDisplayView.swift in Sources */,
			8FC59C084C0044178BCAD42C /* OnboardingView.swift in Sources */,
			FA42C5EB9EDE40849641F53A /* PredictionOverlay.swift in Sources */,
			1A9CA7200531421FB0983F56 /* RegionSelector.swift in Sources */,
		); runOnlyForDeploymentPostprocessing = 0; };
		A10000000000000000000009 /* Sources */ = {isa = PBXSourcesBuildPhase; buildActionMask = 2147483647; files = (
			DB06F48809814EFDB0928313 /* PredictionModelsTests.swift in Sources */,
		); runOnlyForDeploymentPostprocessing = 0; };
/* End PBXSourcesBuildPhase section */

/* Begin XCBuildConfiguration section */
		A10000000000000000000018 /* Debug */ = {isa = XCBuildConfiguration; buildSettings = {ALWAYS_SEARCH_USER_PATHS = NO; CLANG_ENABLE_MODULES = YES; COPY_PHASE_STRIP = NO; DEBUG_INFORMATION_FORMAT = dwarf; ENABLE_TESTABILITY = YES; GCC_OPTIMIZATION_LEVEL = 0; MACOSX_DEPLOYMENT_TARGET = 14.0; ONLY_ACTIVE_ARCH = YES; SDKROOT = macosx; SWIFT_ACTIVE_COMPILATION_CONDITIONS = DEBUG; SWIFT_OPTIMIZATION_LEVEL = "-Onone"; }; name = Debug; };
		A10000000000000000000019 /* Release */ = {isa = XCBuildConfiguration; buildSettings = {ALWAYS_SEARCH_USER_PATHS = NO; CLANG_ENABLE_MODULES = YES; COPY_PHASE_STRIP = NO; DEBUG_INFORMATION_FORMAT = "dwarf-with-dsym"; MACOSX_DEPLOYMENT_TARGET = 14.0; SDKROOT = macosx; SWIFT_COMPILATION_MODE = wholemodule; SWIFT_OPTIMIZATION_LEVEL = "-O"; }; name = Release; };
		A10000000000000000000020 /* Debug */ = {isa = XCBuildConfiguration; buildSettings = {
			CODE_SIGN_ENTITLEMENTS = DartPredictor/DartPredictor.entitlements;
			CODE_SIGN_STYLE = Automatic;
			COMBINE_HIDPI_IMAGES = YES;
			CURRENT_PROJECT_VERSION = 1;
			ENABLE_HARDENED_RUNTIME = YES;
			GENERATE_INFOPLIST_FILE = NO;
			INFOPLIST_FILE = DartPredictor/Info.plist;
			LD_RUNPATH_SEARCH_PATHS = "$(inherited) @executable_path/../Frameworks";
			MARKETING_VERSION = 1.0.0;
			PRODUCT_BUNDLE_IDENTIFIER = com.dartpredictor.app;
			PRODUCT_NAME = "$(TARGET_NAME)";
			SWIFT_EMIT_LOC_STRINGS = YES;
			SWIFT_VERSION = 5.0;
}; name = Debug; };
		A10000000000000000000021 /* Release */ = {isa = XCBuildConfiguration; buildSettings = {
			CODE_SIGN_ENTITLEMENTS = DartPredictor/DartPredictor.entitlements;
			CODE_SIGN_STYLE = Automatic;
			COMBINE_HIDPI_IMAGES = YES;
			CURRENT_PROJECT_VERSION = 1;
			ENABLE_HARDENED_RUNTIME = YES;
			GENERATE_INFOPLIST_FILE = NO;
			INFOPLIST_FILE = DartPredictor/Info.plist;
			LD_RUNPATH_SEARCH_PATHS = "$(inherited) @executable_path/../Frameworks";
			MARKETING_VERSION = 1.0.0;
			PRODUCT_BUNDLE_IDENTIFIER = com.dartpredictor.app;
			PRODUCT_NAME = "$(TARGET_NAME)";
			SWIFT_EMIT_LOC_STRINGS = YES;
			SWIFT_VERSION = 5.0;
}; name = Release; };
		A10000000000000000000022 /* Debug */ = {isa = XCBuildConfiguration; buildSettings = {
			BUNDLE_LOADER = "$(TEST_HOST)";
			CODE_SIGN_STYLE = Automatic;
			GENERATE_INFOPLIST_FILE = YES;
			MACOSX_DEPLOYMENT_TARGET = 14.0;
			PRODUCT_BUNDLE_IDENTIFIER = com.dartpredictor.app.tests;
			PRODUCT_NAME = "$(TARGET_NAME)";
			SWIFT_VERSION = 5.0;
			TEST_HOST = "$(BUILT_PRODUCTS_DIR)/DartPredictor.app/$(BUNDLE_EXECUTABLE_FOLDER_PATH)/DartPredictor";
}; name = Debug; };
		A10000000000000000000023 /* Release */ = {isa = XCBuildConfiguration; buildSettings = {
			BUNDLE_LOADER = "$(TEST_HOST)";
			CODE_SIGN_STYLE = Automatic;
			GENERATE_INFOPLIST_FILE = YES;
			MACOSX_DEPLOYMENT_TARGET = 14.0;
			PRODUCT_BUNDLE_IDENTIFIER = com.dartpredictor.app.tests;
			PRODUCT_NAME = "$(TARGET_NAME)";
			SWIFT_VERSION = 5.0;
			TEST_HOST = "$(BUILT_PRODUCTS_DIR)/DartPredictor.app/$(BUNDLE_EXECUTABLE_FOLDER_PATH)/DartPredictor";
}; name = Release; };
/* End XCBuildConfiguration section */

/* Begin XCConfigurationList section */
		A10000000000000000000015 = {isa = XCConfigurationList; buildConfigurations = (A10000000000000000000018, A10000000000000000000019); defaultConfigurationIsVisible = 0; defaultConfigurationName = Release; };
		A10000000000000000000016 = {isa = XCConfigurationList; buildConfigurations = (A10000000000000000000020, A10000000000000000000021); defaultConfigurationIsVisible = 0; defaultConfigurationName = Release; };
		A10000000000000000000017 = {isa = XCConfigurationList; buildConfigurations = (A10000000000000000000022, A10000000000000000000023); defaultConfigurationIsVisible = 0; defaultConfigurationName = Release; };
/* End XCConfigurationList section */
	};
	rootObject = A10000000000000000000001 /* Project object */;
}